
Microsoft Visual Studio Solution File, Format Version 12.00
# Visual Studio 15
VisualStudioVersion = 15.0.27703.2042
MinimumVisualStudioVersion = 10.0.40219.1
Project("{E24C65DC-7377-472B-9ABA-BC803B73C61A}") = "TechAcademyTestSite", "TechAcademyTestSite\", "{899334BB-A03A-4B9F-AE99-C1962563A539}"
	ProjectSection(WebsiteProperties) = preProject
		TargetFrameworkMoniker = ".NETFramework,Version%3Dv4.6.1"
		Debug.AspNetCompiler.VirtualPath = "/localhost_56164"
		Debug.AspNetCompiler.PhysicalPath = "TechAcademyTestSite\"
		Debug.AspNetCompiler.TargetPath = "PrecompiledWeb\localhost_56164\"
		Debug.AspNetCompiler.Updateable = "true"
		Debug.AspNetCompiler.ForceOverwrite = "true"
		Debug.AspNetCompiler.FixedNames = "false"
		Debug.AspNetCompiler.Debug = "True"
		Release.AspNetCompiler.VirtualPath = "/localhost_56164"
		Release.AspNetCompiler.PhysicalPath = "TechAcademyTestSite\"
		Release.AspNetCompiler.TargetPath = "PrecompiledWeb\localhost_56164\"
		Release.AspNetCompiler.Updateable = "true"
		Release.AspNetCompiler.ForceOverwrite = "true"
		Release.AspNetCompiler.FixedNames = "false"
		Release.AspNetCompiler.Debug = "False"
		VWDPort = "56164"
		DefaultWebSiteLanguage = "Visual C#"
	EndProjectSection
EndProject
Global
	GlobalSection(SolutionConfigurationPlatforms) = preSolution
		Debug|Any CPU = Debug|Any CPU
	EndGlobalSection
	GlobalSection(ProjectConfigurationPlatforms) = postSolution
		{899334BB-A03A-4B9F-AE99-C1962563A539}.Debug|Any CPU.ActiveCfg = Debug|Any CPU
		{899334BB-A03A-4B9F-AE99-C1962563A539}.Debug|Any CPU.Build.0 = Debug|Any CPU
	EndGlobalSection
	GlobalSection(SolutionProperties) = preSolution
		HideSolutionNode = FALSE
	EndGlobalSection
	GlobalSection(ExtensibilityGlobals) = postSolution
		SolutionGuid = {FB98C17B-BFF6-4ACC-AAB7-E2EA549C2151}
	EndGlobalSection
EndGlobal
